// !$*UTF8*$!
{
	archiveVersion = 1;
	classes = {
	};
	objectVersion = 56;
	objects = {

/* Begin PBXBuildFile section */
		C31F1C63297E8549006EDCF4 /* AppDelegate.swift in Sources */ = {isa = PBXBuildFile; fileRef = C31F1C62297E8549006EDCF4 /* AppDelegate.swift */; };
		C31F1C65297E8549006EDCF4 /* SceneDelegate.swift in Sources */ = {isa = PBXBuildFile; fileRef = C31F1C64297E8549006EDCF4 /* SceneDelegate.swift */; };
		C31F1C67297E8549006EDCF4 /* ViewController.swift in Sources */ = {isa = PBXBuildFile; fileRef = C31F1C66297E8549006EDCF4 /* ViewController.swift */; };
		C31F1C6A297E8549006EDCF4 /* Main.storyboard in Resources */ = {isa = PBXBuildFile; fileRef = C31F1C68297E8549006EDCF4 /* Main.storyboard */; };
		C31F1C6C297E854B006EDCF4 /* Assets.xcassets in Resources */ = {isa = PBXBuildFile; fileRef = C31F1C6B297E854B006EDCF4 /* Assets.xcassets */; };
		C31F1C6F297E854B006EDCF4 /* LaunchScreen.storyboard in Resources */ = {isa = PBXBuildFile; fileRef = C31F1C6D297E854B006EDCF4 /* LaunchScreen.storyboard */; };
		C31F1C77297E8817006EDCF4 /* ViewController2.swift in Sources */ = {isa = PBXBuildFile; fileRef = C31F1C76297E8817006EDCF4 /* ViewController2.swift */; };
		C31F1C79297E881F006EDCF4 /* ViewController3.swift in Sources */ = {isa = PBXBuildFile; fileRef = C31F1C78297E881F006EDCF4 /* ViewController3.swift */; };
		EBCB691BD89503BACAB6F935 /* Pods_testing2.framework in Frameworks */ = {isa = PBXBuildFile; fileRef = A866047F9CB82EFB731984DD /* Pods_testing2.framework */; };
/* End PBXBuildFile section */

/* Begin PBXFileReference section */
		4E9F73F1AD147C47E13D4DFC /* Pods-testing2.release.xcconfig */ = {isa = PBXFileReference; includeInIndex = 1; lastKnownFileType = text.xcconfig; name = "Pods-testing2.release.xcconfig"; path = "Target Support Files/Pods-testing2/Pods-testing2.release.xcconfig"; sourceTree = "<group>"; };
		6825D37220FA4D3DBFE9444D /* Pods-testing2.debug.xcconfig */ = {isa = PBXFileReference; includeInIndex = 1; lastKnownFileType = text.xcconfig; name = "Pods-testing2.debug.xcconfig"; path = "Target Support Files/Pods-testing2/Pods-testing2.debug.xcconfig"; sourceTree = "<group>"; };
		A866047F9CB82EFB731984DD /* Pods_testing2.framework */ = {isa = PBXFileReference; explicitFileType = wrapper.framework; includeInIndex = 0; path = Pods_testing2.framework; sourceTree = BUILT_PRODUCTS_DIR; };
		C31F1C5F297E8549006EDCF4 /* testing2.app */ = {isa = PBXFileReference; explicitFileType = wrapper.application; includeInIndex = 0; path = testing2.app; sourceTree = BUILT_PRODUCTS_DIR; };
		C31F1C62297E8549006EDCF4 /* AppDelegate.swift */ = {isa = PBXFileReference; lastKnownFileType = sourcecode.swift; path = AppDelegate.swift; sourceTree = "<group>"; };
		C31F1C64297E8549006EDCF4 /* SceneDelegate.swift */ = {isa = PBXFileReference; lastKnownFileType = sourcecode.swift; path = SceneDelegate.swift; sourceTree = "<group>"; };
		C31F1C66297E8549006EDCF4 /* ViewController.swift */ = {isa = PBXFileReference; lastKnownFileType = sourcecode.swift; path = ViewController.swift; sourceTree = "<group>"; };
		C31F1C69297E8549006EDCF4 /* Base */ = {isa = PBXFileReference; lastKnownFileType = file.storyboard; name = Base; path = Base.lproj/Main.storyboard; sourceTree = "<group>"; };
		C31F1C6B297E854B006EDCF4 /* Assets.xcassets */ = {isa = PBXFileReference; lastKnownFileType = folder.assetcatalog; path = Assets.xcassets; sourceTree = "<group>"; };
		C31F1C6E297E854B006EDCF4 /* Base */ = {isa = PBXFileReference; lastKnownFileType = file.storyboard; name = Base; path = Base.lproj/LaunchScreen.storyboard; sourceTree = "<group>"; };
		C31F1C70297E854B006EDCF4 /* Info.plist */ = {isa = PBXFileReference; lastKnownFileType = text.plist.xml; path = Info.plist; sourceTree = "<group>"; };
		C31F1C76297E8817006EDCF4 /* ViewController2.swift */ = {isa = PBXFileReference; lastKnownFileType = sourcecode.swift; path = ViewController2.swift; sourceTree = "<group>"; };
		C31F1C78297E881F006EDCF4 /* ViewController3.swift */ = {isa = PBXFileReference; lastKnownFileType = sourcecode.swift; path = ViewController3.swift; sourceTree = "<group>"; };
/* End PBXFileReference section */

/* Begin PBXFrameworksBuildPhase section */
		C31F1C5C297E8549006EDCF4 /* Frameworks */ = {
			isa = PBXFrameworksBuildPhase;
			buildActionMask = 2147483647;
			files = (
				EBCB691BD89503BACAB6F935 /* Pods_testing2.framework in Frameworks */,
			);
			runOnlyForDeploymentPostprocessing = 0;
		};
/* End PBXFrameworksBuildPhase section */

/* Begin PBXGroup section */
		5A4B96268079D6414E19BD7F /* Frameworks */ = {
			isa = PBXGroup;
			children = (
				A866047F9CB82EFB731984DD /* Pods_testing2.framework */,
			);
			name = Frameworks;
			sourceTree = "<group>";
		};
		87F0941A53C8D3D8121F0E6F /* Pods */ = {
			isa = PBXGroup;
			children = (
				6825D37220FA4D3DBFE9444D /* Pods-testing2.debug.xcconfig */,
				4E9F73F1AD147C47E13D4DFC /* Pods-testing2.release.xcconfig */,
			);
			path = Pods;
			sourceTree = "<group>";
		};
		C31F1C56297E8549006EDCF4 = {
			isa = PBXGroup;
			children = (
				C31F1C61297E8549006EDCF4 /* testing2 */,
				C31F1C60297E8549006EDCF4 /* Products */,
				87F0941A53C8D3D8121F0E6F /* Pods */,
				5A4B96268079D6414E19BD7F /* Frameworks */,
			);
			sourceTree = "<group>";
		};
		C31F1C60297E8549006EDCF4 /* Products */ = {
			isa = PBXGroup;
			children = (
				C31F1C5F297E8549006EDCF4 /* testing2.app */,
			);
			name = Products;
			sourceTree = "<group>";
		};
		C31F1C61297E8549006EDCF4 /* testing2 */ = {
			isa = PBXGroup;
			children = (
				C31F1C62297E8549006EDCF4 /* AppDelegate.swift */,
				C31F1C64297E8549006EDCF4 /* SceneDelegate.swift */,
				C31F1C66297E8549006EDCF4 /* ViewController.swift */,
				C31F1C68297E8549006EDCF4 /* Main.storyboard */,
				C31F1C76297E8817006EDCF4 /* ViewController2.swift */,
				C31F1C78297E881F006EDCF4 /* ViewController3.swift */,
				C31F1C6B297E854B006EDCF4 /* Assets.xcassets */,
				C31F1C6D297E854B006EDCF4 /* LaunchScreen.storyboard */,
				C31F1C70297E854B006EDCF4 /* Info.plist */,
			);
			path = testing2;
			sourceTree = "<group>";
		};
/* End PBXGroup section */

/* Begin PBXNativeTarget section */
		C31F1C5E297E8549006EDCF4 /* testing2 */ = {
			isa = PBXNativeTarget;
			buildConfigurationList = C31F1C73297E854B006EDCF4 /* Build configuration list for PBXNativeTarget "testing2" */;
			buildPhases = (
				10F8F235A730D8B7C28DAF9E /* [CP] Check Pods Manifest.lock */,
				C31F1C5B297E8549006EDCF4 /* Sources */,
				C31F1C5C297E8549006EDCF4 /* Frameworks */,
				C31F1C5D297E8549006EDCF4 /* Resources */,
				BB378E77E7B36CD0E0CB923B /* [CP] Embed Pods Frameworks */,
			);
			buildRules = (
			);
			dependencies = (
			);
			name = testing2;
			productName = testing2;
			productReference = C31F1C5F297E8549006EDCF4 /* testing2.app */;
			productType = "com.apple.product-type.application";
		};
/* End PBXNativeTarget section */

/* Begin PBXProject section */
		C31F1C57297E8549006EDCF4 /* Project object */ = {
			isa = PBXProject;
			attributes = {
				BuildIndependentTargetsInParallel = 1;
				LastSwiftUpdateCheck = 1420;
				LastUpgradeCheck = 1420;
				TargetAttributes = {
					C31F1C5E297E8549006EDCF4 = {
						CreatedOnToolsVersion = 14.2;
					};
				};
			};
			buildConfigurationList = C31F1C5A297E8549006EDCF4 /* Build configuration list for PBXProject "testing2" */;
			compatibilityVersion = "Xcode 14.0";
			developmentRegion = en;
			hasScannedForEncodings = 0;
			knownRegions = (
				en,
				Base,
			);
			mainGroup = C31F1C56297E8549006EDCF4;
			productRefGroup = C31F1C60297E8549006EDCF4 /* Products */;
			projectDirPath = "";
			projectRoot = "";
			targets = (
				C31F1C5E297E8549006EDCF4 /* testing2 */,
			);
		};
/* End PBXProject section */

/* Begin PBXResourcesBuildPhase section */
		C31F1C5D297E8549006EDCF4 /* Resources */ = {
			isa = PBXResourcesBuildPhase;
			buildActionMask = 2147483647;
			files = (
				C31F1C6F297E854B006EDCF4 /* LaunchScreen.storyboard in Resources */,
				C31F1C6C297E854B006EDCF4 /* Assets.xcassets in Resources */,
				C31F1C6A297E8549006EDCF4 /* Main.storyboard in Resources */,
			);
			runOnlyForDeploymentPostprocessing = 0;
		};
/* End PBXResourcesBuildPhase section */

/* Begin PBXShellScriptBuildPhase section */
		10F8F235A730D8B7C28DAF9E /* [CP] Check Pods Manifest.lock */ = {
			isa = PBXShellScriptBuildPhase;
			buildActionMask = 2147483647;
			files = (
			);
			inputFileListPaths = (
			);
			inputPaths = (
				"${PODS_PODFILE_DIR_PATH}/Podfile.lock",
				"${PODS_ROOT}/Manifest.lock",
			);
			name = "[CP] Check Pods Manifest.lock";
			outputFileListPaths = (
			);
			outputPaths = (
				"$(DERIVED_FILE_DIR)/Pods-testing2-checkManifestLockResult.txt",
			);
			runOnlyForDeploymentPostprocessing = 0;
			shellPath = /bin/sh;
			shellScript = "diff \"${PODS_PODFILE_DIR_PATH}/Podfile.lock\" \"${PODS_ROOT}/Manifest.lock\" > /dev/null\nif [ $? != 0 ] ; then\n    # print error to STDERR\n    echo \"error: The sandbox is not in sync with the Podfile.lock. Run 'pod install' or update your CocoaPods installation.\" >&2\n    exit 1\nfi\n# This output is used by Xcode 'outputs' to avoid re-running this script phase.\necho \"SUCCESS\" > \"${SCRIPT_OUTPUT_FILE_0}\"\n";
			showEnvVarsInLog = 0;
		};
		BB378E77E7B36CD0E0CB923B /* [CP] Embed Pods Frameworks */ = {
			isa = PBXShellScriptBuildPhase;
			buildActionMask = 2147483647;
			files = (
			);
			inputFileListPaths = (
				"${PODS_ROOT}/Target Support Files/Pods-testing2/Pods-testing2-frameworks-${CONFIGURATION}-input-files.xcfilelist",
			);
			name = "[CP] Embed Pods Frameworks";
			outputFileListPaths = (
				"${PODS_ROOT}/Target Support Files/Pods-testing2/Pods-testing2-frameworks-${CONFIGURATION}-output-files.xcfilelist",
			);
			runOnlyForDeploymentPostprocessing = 0;
			shellPath = /bin/sh;
			shellScript = "\"${PODS_ROOT}/Target Support Files/Pods-testing2/Pods-testing2-frameworks.sh\"\n";
			showEnvVarsInLog = 0;
		};
/* End PBXShellScriptBuildPhase section */

/* Begin PBXSourcesBuildPhase section */
		C31F1C5B297E8549006EDCF4 /* Sources */ = {
			isa = PBXSourcesBuildPhase;
			buildActionMask = 2147483647;
			files = (
				C31F1C79297E881F006EDCF4 /* ViewController3.swift in Sources */,
				C31F1C67297E8549006EDCF4 /* ViewController.swift in Sources */,
				C31F1C77297E8817006EDCF4 /* ViewController2.swift in Sources */,
				C31F1C63297E8549006EDCF4 /* AppDelegate.swift in Sources */,
				C31F1C65297E8549006EDCF4 /* SceneDelegate.swift in Sources */,
			);
			runOnlyForDeploymentPostprocessing = 0;
		};
/* End PBXSourcesBuildPhase section */

/* Begin PBXVariantGroup section */
		C31F1C68297E8549006EDCF4 /* Main.storyboard */ = {
			isa = PBXVariantGroup;
			children = (
				C31F1C69297E8549006EDCF4 /* Base */,
			);
			name = Main.storyboard;
			sourceTree = "<group>";
		};
		C31F1C6D297E854B006EDCF4 /* LaunchScreen.storyboard */ = {
			isa = PBXVariantGroup;
			children = (
				C31F1C6E297E854B006EDCF4 /* Base */,
			);
			name = LaunchScreen.storyboard;
			sourceTree = "<group>";
		};
/* End PBXVariantGroup section */

/* Begin XCBuildConfiguration section */
		C31F1C71297E854B006EDCF4 /* Debug */ = {
			isa = XCBuildConfiguration;
			buildSettings = {
				ALWAYS_SEARCH_USER_PATHS = NO;
				CLANG_ANALYZER_NONNULL = YES;
				CLANG_ANALYZER_NUMBER_OBJECT_CONVERSION = YES_AGGRESSIVE;
				CLANG_CXX_LANGUAGE_STANDARD = "gnu++20";
				CLANG_ENABLE_MODULES = YES;
				CLANG_ENABLE_OBJC_ARC = YES;
				CLANG_ENABLE_OBJC_WEAK = YES;
				CLANG_WARN_BLOCK_CAPTURE_AUTORELEASING = YES;
				CLANG_WARN_BOOL_CONVERSION = YES;
				CLANG_WARN_COMMA = YES;
				CLANG_WARN_CONSTANT_CONVERSION = YES;
				CLANG_WARN_DEPRECATED_OBJC_IMPLEMENTATIONS = YES;
				CLANG_WARN_DIRECT_OBJC_ISA_USAGE = YES_ERROR;
				CLANG_WARN_DOCUMENTATION_COMMENTS = YES;
				CLANG_WARN_EMPTY_BODY = YES;
				CLANG_WARN_ENUM_CONVERSION = YES;
				CLANG_WARN_INFINITE_RECURSION = YES;
				CLANG_WARN_INT_CONVERSION = YES;
				CLANG_WARN_NON_LITERAL_NULL_CONVERSION = YES;
				CLANG_WARN_OBJC_IMPLICIT_RETAIN_SELF = YES;
				CLANG_WARN_OBJC_LITERAL_CONVERSION = YES;
				CLANG_WARN_OBJC_ROOT_CLASS = YES_ERROR;
				CLANG_WARN_QUOTED_INCLUDE_IN_FRAMEWORK_HEADER = YES;
				CLANG_WARN_RANGE_LOOP_ANALYSIS = YES;
				CLANG_WARN_STRICT_PROTOTYPES = YES;
				CLANG_WARN_SUSPICIOUS_MOVE = YES;
				CLANG_WARN_UNGUARDED_AVAILABILITY = YES_AGGRESSIVE;
				CLANG_WARN_UNREACHABLE_CODE = YES;
				CLANG_WARN__DUPLICATE_METHOD_MATCH = YES;
				COPY_PHASE_STRIP = NO;
				DEBUG_INFORMATION_FORMAT = dwarf;
				ENABLE_STRICT_OBJC_MSGSEND = YES;
				ENABLE_TESTABILITY = YES;
				GCC_C_LANGUAGE_STANDARD = gnu11;
				GCC_DYNAMIC_NO_PIC = NO;
				GCC_NO_COMMON_BLOCKS = YES;
				GCC_OPTIMIZATION_LEVEL = 0;
				GCC_PREPROCESSOR_DEFINITIONS = (
					"DEBUG=1",
					"$(inherited)",
				);
				GCC_WARN_64_TO_32_BIT_CONVERSION = YES;
				GCC_WARN_ABOUT_RETURN_TYPE = YES_ERROR;
				GCC_WARN_UNDECLARED_SELECTOR = YES;
				GCC_WARN_UNINITIALIZED_AUTOS = YES_AGGRESSIVE;
				GCC_WARN_UNUSED_FUNCTION = YES;
				GCC_WARN_UNUSED_VARIABLE = YES;
				IPHONEOS_DEPLOYMENT_TARGET = 16.2;
				MTL_ENABLE_DEBUG_INFO = INCLUDE_SOURCE;
				MTL_FAST_MATH = YES;
				ONLY_ACTIVE_ARCH = YES;
				SDKROOT = iphoneos;
				SWIFT_ACTIVE_COMPILATION_CONDITIONS = DEBUG;
				SWIFT_OPTIMIZATION_LEVEL = "-Onone";
			};
			name = Debug;
		};
		C31F1C72297E854B006EDCF4 /* Release */ = {
			isa = XCBuildConfiguration;
			buildSettings = {
				ALWAYS_SEARCH_USER_PATHS = NO;
				CLANG_ANALYZER_NONNULL = YES;
				CLANG_ANALYZER_NUMBER_OBJECT_CONVERSION = YES_AGGRESSIVE;
				CLANG_CXX_LANGUAGE_STANDARD = "gnu++20";
				CLANG_ENABLE_MODULES = YES;
				CLANG_ENABLE_OBJC_ARC = YES;
				CLANG_ENABLE_OBJC_WEAK = YES;
				CLANG_WARN_BLOCK_CAPTURE_AUTORELEASING = YES;
				CLANG_WARN_BOOL_CONVERSION = YES;
				CLANG_WARN_COMMA = YES;
				CLANG_WARN_CONSTANT_CONVERSION = YES;
				CLANG_WARN_DEPRECATED_OBJC_IMPLEMENTATIONS = YES;
				CLANG_WARN_DIRECT_OBJC_ISA_USAGE = YES_ERROR;
				CLANG_WARN_DOCUMENTATION_COMMENTS = YES;
				CLANG_WARN_EMPTY_BODY = YES;
				CLANG_WARN_ENUM_CONVERSION = YES;
				CLANG_WARN_INFINITE_RECURSION = YES;
				CLANG_WARN_INT_CONVERSION = YES;
				CLANG_WARN_NON_LITERAL_NULL_CONVERSION = YES;
				CLANG_WARN_OBJC_IMPLICIT_RETAIN_SELF = YES;
				CLANG_WARN_OBJC_LITERAL_CONVERSION = YES;
				CLANG_WARN_OBJC_ROOT_CLASS = YES_ERROR;
				CLANG_WARN_QUOTED_INCLUDE_IN_FRAMEWORK_HEADER = YES;
				CLANG_WARN_RANGE_LOOP_ANALYSIS = YES;
				CLANG_WARN_STRICT_PROTOTYPES = YES;
				CLANG_WARN_SUSPICIOUS_MOVE = YES;
				CLANG_WARN_UNGUARDED_AVAILABILITY = YES_AGGRESSIVE;
				CLANG_WARN_UNREACHABLE_CODE = YES;
				CLANG_WARN__DUPLICATE_METHOD_MATCH = YES;
				COPY_PHASE_STRIP = NO;
				DEBUG_INFORMATION_FORMAT = "dwarf-with-dsym";
				ENABLE_NS_ASSERTIONS = NO;
				ENABLE_STRICT_OBJC_MSGSEND = YES;
				GCC_C_LANGUAGE_STANDARD = gnu11;
				GCC_NO_COMMON_BLOCKS = YES;
				GCC_WARN_64_TO_32_BIT_CONVERSION = YES;
				GCC_WARN_ABOUT_RETURN_TYPE = YES_ERROR;
				GCC_WARN_UNDECLARED_SELECTOR = YES;
				GCC_WARN_UNINITIALIZED_AUTOS = YES_AGGRESSIVE;
				GCC_WARN_UNUSED_FUNCTION = YES;
				GCC_WARN_UNUSED_VARIABLE = YES;
				IPHONEOS_DEPLOYMENT_TARGET = 16.2;
				MTL_ENABLE_DEBUG_INFO = NO;
				MTL_FAST_MATH = YES;
				SDKROOT = iphoneos;
				SWIFT_COMPILATION_MODE = wholemodule;
				SWIFT_OPTIMIZATION_LEVEL = "-O";
				VALIDATE_PRODUCT = YES;
			};
			name = Release;
		};
		C31F1C74297E854B006EDCF4 /* Debug */ = {
			isa = XCBuildConfiguration;
			baseConfigurationReference = 6825D37220FA4D3DBFE9444D /* Pods-testing2.debug.xcconfig */;
			buildSettings = {
				ASSETCATALOG_COMPILER_APPICON_NAME = AppIcon;
				ASSETCATALOG_COMPILER_GLOBAL_ACCENT_COLOR_NAME = AccentColor;
				CODE_SIGN_STYLE = Automatic;
				CURRENT_PROJECT_VERSION = 1;
				DEVELOPMENT_TEAM = 85T5UV3AAF;
				GENERATE_INFOPLIST_FILE = YES;
				INFOPLIST_FILE = testing2/Info.plist;
				INFOPLIST_KEY_UIApplicationSupportsIndirectInputEvents = YES;
				INFOPLIST_KEY_UILaunchStoryboardName = LaunchScreen;
				INFOPLIST_KEY_UIMainStoryboardFile = Main;
				INFOPLIST_KEY_UISupportedInterfaceOrientations_iPad = "UIInterfaceOrientationPortrait UIInterfaceOrientationPortraitUpsideDown UIInterfaceOrientationLandscapeLeft UIInterfaceOrientationLandscapeRight";
				INFOPLIST_KEY_UISupportedInterfaceOrientations_iPhone = "UIInterfaceOrientationPortrait UIInterfaceOrientationLandscapeLeft UIInterfaceOrientationLandscapeRight";
				LD_RUNPATH_SEARCH_PATHS = (
					"$(inherited)",
					"@executable_path/Frameworks",
				);
				MARKETING_VERSION = 1.0;
				PRODUCT_BUNDLE_IDENTIFIER = GGomidle.testing2;
				PRODUCT_NAME = "$(TARGET_NAME)";
				SWIFT_EMIT_LOC_STRINGS = YES;
				SWIFT_VERSION = 5.0;
				TARGETED_DEVICE_FAMILY = "1,2";
			};
			name = Debug;
		};
		C31F1C75297E854B006EDCF4 /* Release */ = {
			isa = XCBuildConfiguration;
			baseConfigurationReference = 4E9F73F1AD147C47E13D4DFC /* Pods-testing2.release.xcconfig */;
			buildSettings = {
				ASSETCATALOG_COMPILER_APPICON_NAME = AppIcon;
				ASSETCATALOG_COMPILER_GLOBAL_ACCENT_COLOR_NAME = AccentColor;
				CODE_SIGN_STYLE = Automatic;
				CURRENT_PROJECT_VERSION = 1;
				DEVELOPMENT_TEAM = 85T5UV3AAF;
				GENERATE_INFOPLIST_FILE = YES;
				INFOPLIST_FILE = testing2/Info.plist;
				INFOPLIST_KEY_UIApplicationSupportsIndirectInputEvents = YES;
				INFOPLIST_KEY_UILaunchStoryboardName = LaunchScreen;
				INFOPLIST_KEY_UIMainStoryboardFile = Main;
				INFOPLIST_KEY_UISupportedInterfaceOrientations_iPad = "UIInterfaceOrientationPortrait UIInterfaceOrientationPortraitUpsideDown UIInterfaceOrientationLandscapeLeft UIInterfaceOrientationLandscapeRight";
				INFOPLIST_KEY_UISupportedInterfaceOrientations_iPhone = "UIInterfaceOrientationPortrait UIInterfaceOrientationLandscapeLeft UIInterfaceOrientationLandscapeRight";
				LD_RUNPATH_SEARCH_PATHS = (
					"$(inherited)",
					"@executable_path/Frameworks",
				);
				MARKETING_VERSION = 1.0;
				PRODUCT_BUNDLE_IDENTIFIER = GGomidle.testing2;
				PRODUCT_NAME = "$(TARGET_NAME)";
				SWIFT_EMIT_LOC_STRINGS = YES;
				SWIFT_VERSION = 5.0;
				TARGETED_DEVICE_FAMILY = "1,2";
			};
			name = Release;
		};
/* End XCBuildConfiguration section */

/* Begin XCConfigurationList section */
		C31F1C5A297E8549006EDCF4 /* Build configuration list for PBXProject "testing2" */ = {
			isa = XCConfigurationList;
			buildConfigurations = (
				C31F1C71297E854B006EDCF4 /* Debug */,
				C31F1C72297E854B006EDCF4 /* Release */,
			);
			defaultConfigurationIsVisible = 0;
			defaultConfigurationName = Release;
		};
		C31F1C73297E854B006EDCF4 /* Build configuration list for PBXNativeTarget "testing2" */ = {
			isa = XCConfigurationList;
			buildConfigurations = (
				C31F1C74297E854B006EDCF4 /* Debug */,
				C31F1C75297E854B006EDCF4 /* Release */,
			);
			defaultConfigurationIsVisible = 0;
			defaultConfigurationName = Release;
		};
/* End XCConfigurationList section */
	};
	rootObject = C31F1C57297E8549006EDCF4 /* Project object */;
}
